schema: '2.0'
stages:
  train:
    cmd: python scripts/train_entry.py configs/experiments/linear_long.cfg
    deps:
    - path: configs/base/train_linear.cfg
      hash: md5
      md5: 3cdbf170804bb664a71b827fb93a0d7c
      size: 227
      isexec: true
    - path: configs/experiments/linear_fast.cfg
      hash: md5
      md5: f17942afd5639e1cca3357457da341fb
      size: 226
      isexec: true
    - path: configs/experiments/linear_long.cfg
      hash: md5
      md5: b90db545a048003736548e69b4c6e61e
      size: 228
      isexec: true
    - path: data/samples/linear.csv
      hash: md5
      md5: 833399145fa214b9cb7953715f315245
      size: 23
      isexec: true
    - path: scripts/train_entry.py
      hash: md5
      md5: 2a161837cdaffcc88c1cd8407f7a6463
      size: 1003
      isexec: true
    params:
      params.yaml:
        train.config_path: configs/experiments/linear_long.cfg
    outs:
    - path: metrics/train_metrics.json
      hash: md5
      md5: 725c1e179010e68bcd7d117aa64c8de0
      size: 141
    - path: models/checkpoints/linear_model.txt
      hash: md5
      md5: dca5e2c55818dbe5edd70c027595b6c1
      size: 55
  evaluate:
    cmd: python scripts/evaluate_entry.py configs/experiments/linear_long.cfg
    deps:
    - path: configs/base/train_linear.cfg
      hash: md5
      md5: 3cdbf170804bb664a71b827fb93a0d7c
      size: 227
      isexec: true
    - path: configs/experiments/linear_fast.cfg
      hash: md5
      md5: f17942afd5639e1cca3357457da341fb
      size: 226
      isexec: true
    - path: configs/experiments/linear_long.cfg
      hash: md5
      md5: b90db545a048003736548e69b4c6e61e
      size: 228
      isexec: true
    - path: data/samples/linear.csv
      hash: md5
      md5: 833399145fa214b9cb7953715f315245
      size: 23
      isexec: true
    - path: models/checkpoints/linear_model.txt
      hash: md5
      md5: dca5e2c55818dbe5edd70c027595b6c1
      size: 55
    - path: scripts/evaluate_entry.py
      hash: md5
      md5: 4145f58dd64e682f6e374a4432220821
      size: 1023
      isexec: true
    params:
      params.yaml:
        evaluate.config_path: configs/experiments/linear_long.cfg
    outs:
    - path: metrics/eval_metrics.json
      hash: md5
      md5: 1756e7e9ac27a5b888db4a5d8c8e29c5
      size: 99
