schema: '2.0'
stages:
  train:
    cmd: python scripts/train_entry.py configs/experiments/linear_long.cfg
    deps:
    - path: configs/base/train_linear.cfg
      hash: md5
      md5: ee4d1a85005d92f4df036257837971e6
      size: 276
      isexec: true
    - path: configs/experiments/linear_fast.cfg
      hash: md5
      md5: b7bf33121e0e7565aaa1307cd2b63979
      size: 334
      isexec: true
    - path: configs/experiments/linear_long.cfg
      hash: md5
      md5: 7feea1f7423259641689488783e243ea
      size: 465
      isexec: true
    - path: data/samples/linear.csv
      hash: md5
      md5: 833399145fa214b9cb7953715f315245
      size: 23
      isexec: true
    - path: scripts/train_entry.py
      hash: md5
      md5: 2a161837cdaffcc88c1cd8407f7a6463
      size: 1003
      isexec: true
    params:
      params.yaml:
        train.config_path: configs/experiments/linear_long.cfg
    outs:
    - path: metrics/train_metrics.json
      hash: md5
      md5: 528af2747e5cc734bcb0c85235fd47a8
      size: 567
    - path: models/checkpoints/linear_model.txt
      hash: md5
      md5: 260e2c88f8808abcebfd92b76d0a9b38
      size: 61
  evaluate:
    cmd: python scripts/evaluate_entry.py configs/experiments/linear_long.cfg
    deps:
    - path: configs/base/train_linear.cfg
      hash: md5
      md5: ee4d1a85005d92f4df036257837971e6
      size: 276
      isexec: true
    - path: configs/experiments/linear_fast.cfg
      hash: md5
      md5: b7bf33121e0e7565aaa1307cd2b63979
      size: 334
      isexec: true
    - path: configs/experiments/linear_long.cfg
      hash: md5
      md5: 7feea1f7423259641689488783e243ea
      size: 465
      isexec: true
    - path: data/samples/linear.csv
      hash: md5
      md5: 833399145fa214b9cb7953715f315245
      size: 23
      isexec: true
    - path: models/checkpoints/linear_model.txt
      hash: md5
      md5: 260e2c88f8808abcebfd92b76d0a9b38
      size: 61
    - path: scripts/evaluate_entry.py
      hash: md5
      md5: 4145f58dd64e682f6e374a4432220821
      size: 1023
      isexec: true
    params:
      params.yaml:
        evaluate.config_path: configs/experiments/linear_long.cfg
    outs:
    - path: metrics/eval_metrics.json
      hash: md5
      md5: e593328f40a73420a186fb7aceb7c963
      size: 169
